
Microsoft Visual Studio Solution File, Format Version 12.00
# Visual Studio Version 17
VisualStudioVersion = 17.3.32929.385
MinimumVisualStudioVersion = 10.0.40219.1
Project("{FAE04EC0-301F-11D3-BF4B-00C04F79EFBC}") = "CARDOC", "CARDOC\CARDOC.csproj", "{D08A5162-90CD-491F-AD19-0678BDCA5656}"
EndProject
Global
	GlobalSection(SolutionConfigurationPlatforms) = preSolution
		Debug|Any CPU = Debug|Any CPU
		Release|Any CPU = Release|Any CPU
	EndGlobalSection
	GlobalSection(ProjectConfigurationPlatforms) = postSolution
		{D08A5162-90CD-491F-AD19-0678BDCA5656}.Debug|Any CPU.ActiveCfg = Debug|Any CPU
		{D08A5162-90CD-491F-AD19-0678BDCA5656}.Debug|Any CPU.Build.0 = Debug|Any CPU
		{D08A5162-90CD-491F-AD19-0678BDCA5656}.Release|Any CPU.ActiveCfg = Release|Any CPU
		{D08A5162-90CD-491F-AD19-0678BDCA5656}.Release|Any CPU.Build.0 = Release|Any CPU
	EndGlobalSection
	GlobalSection(SolutionProperties) = preSolution
		HideSolutionNode = FALSE
	EndGlobalSection
	GlobalSection(ExtensibilityGlobals) = postSolution
		SolutionGuid = {ECDA521B-6F60-42A7-82AE-1CAEE725DBDF}
	EndGlobalSection
EndGlobal
